// !$*UTF8*$!
{
	archiveVersion = 1;
	classes = {
	};
	objectVersion = 50;
	objects = {

/* Begin PBXBuildFile section */
		AD0A401E268874D400FD6339 /* Default-568h@2x.png in Resources */ = {isa = PBXBuildFile; fileRef = AD0A401D268874D400FD6339 /* Default-568h@2x.png */; };
		AD0A40212688E7C300FD6339 /* Examen1AndyMarinos.xcdatamodeld in Sources */ = {isa = PBXBuildFile; fileRef = AD0A401F2688E7C300FD6339 /* Examen1AndyMarinos.xcdatamodeld */; };
		E875C90C264B3312003BF1D4 /* AppDelegate.swift in Sources */ = {isa = PBXBuildFile; fileRef = E875C90B264B3312003BF1D4 /* AppDelegate.swift */; };
		E875C90E264B3312003BF1D4 /* ViewController.swift in Sources */ = {isa = PBXBuildFile; fileRef = E875C90D264B3312003BF1D4 /* ViewController.swift */; };
		E875C911264B3312003BF1D4 /* Main.storyboard in Resources */ = {isa = PBXBuildFile; fileRef = E875C90F264B3312003BF1D4 /* Main.storyboard */; };
		E875C916264B3313003BF1D4 /* Assets.xcassets in Resources */ = {isa = PBXBuildFile; fileRef = E875C915264B3313003BF1D4 /* Assets.xcassets */; };
		E875C919264B3313003BF1D4 /* LaunchScreen.storyboard in Resources */ = {isa = PBXBuildFile; fileRef = E875C917264B3313003BF1D4 /* LaunchScreen.storyboard */; };
		E875C921264B4355003BF1D4 /* MiUser.swift in Sources */ = {isa = PBXBuildFile; fileRef = E875C920264B4355003BF1D4 /* MiUser.swift */; };
/* End PBXBuildFile section */

/* Begin PBXFileReference section */
		AD0A401D268874D400FD6339 /* Default-568h@2x.png */ = {isa = PBXFileReference; lastKnownFileType = image.png; path = "Default-568h@2x.png"; sourceTree = "<group>"; };
		AD0A40202688E7C300FD6339 /* Examen1AndyMarinos.xcdatamodel */ = {isa = PBXFileReference; lastKnownFileType = wrapper.xcdatamodel; path = Examen1AndyMarinos.xcdatamodel; sourceTree = "<group>"; };
		E875C908264B3312003BF1D4 /* Examen1AndyMarinos.app */ = {isa = PBXFileReference; explicitFileType = wrapper.application; includeInIndex = 0; path = Examen1AndyMarinos.app; sourceTree = BUILT_PRODUCTS_DIR; };
		E875C90B264B3312003BF1D4 /* AppDelegate.swift */ = {isa = PBXFileReference; lastKnownFileType = sourcecode.swift; path = AppDelegate.swift; sourceTree = "<group>"; };
		E875C90D264B3312003BF1D4 /* ViewController.swift */ = {isa = PBXFileReference; lastKnownFileType = sourcecode.swift; path = ViewController.swift; sourceTree = "<group>"; };
		E875C910264B3312003BF1D4 /* Base */ = {isa = PBXFileReference; lastKnownFileType = file.storyboard; name = Base; path = Base.lproj/Main.storyboard; sourceTree = "<group>"; };
		E875C915264B3313003BF1D4 /* Assets.xcassets */ = {isa = PBXFileReference; lastKnownFileType = folder.assetcatalog; path = Assets.xcassets; sourceTree = "<group>"; };
		E875C918264B3313003BF1D4 /* Base */ = {isa = PBXFileReference; lastKnownFileType = file.storyboard; name = Base; path = Base.lproj/LaunchScreen.storyboard; sourceTree = "<group>"; };
		E875C91A264B3313003BF1D4 /* Info.plist */ = {isa = PBXFileReference; lastKnownFileType = text.plist.xml; path = Info.plist; sourceTree = "<group>"; };
		E875C920264B4355003BF1D4 /* MiUser.swift */ = {isa = PBXFileReference; lastKnownFileType = sourcecode.swift; path = MiUser.swift; sourceTree = "<group>"; };
/* End PBXFileReference section */

/* Begin PBXFrameworksBuildPhase section */
		E875C905264B3312003BF1D4 /* Frameworks */ = {
			isa = PBXFrameworksBuildPhase;
			buildActionMask = 2147483647;
			files = (
			);
			runOnlyForDeploymentPostprocessing = 0;
		};
/* End PBXFrameworksBuildPhase section */

/* Begin PBXGroup section */
		E875C8FF264B3312003BF1D4 = {
			isa = PBXGroup;
			children = (
				AD0A401D268874D400FD6339 /* Default-568h@2x.png */,
				E875C90A264B3312003BF1D4 /* Examen1AndyMarinos */,
				E875C909264B3312003BF1D4 /* Products */,
			);
			sourceTree = "<group>";
		};
		E875C909264B3312003BF1D4 /* Products */ = {
			isa = PBXGroup;
			children = (
				E875C908264B3312003BF1D4 /* Examen1AndyMarinos.app */,
			);
			name = Products;
			sourceTree = "<group>";
		};
		E875C90A264B3312003BF1D4 /* Examen1AndyMarinos */ = {
			isa = PBXGroup;
			children = (
				E875C90B264B3312003BF1D4 /* AppDelegate.swift */,
				E875C90D264B3312003BF1D4 /* ViewController.swift */,
				E875C90F264B3312003BF1D4 /* Main.storyboard */,
				E875C915264B3313003BF1D4 /* Assets.xcassets */,
				E875C917264B3313003BF1D4 /* LaunchScreen.storyboard */,
				E875C91A264B3313003BF1D4 /* Info.plist */,
				E875C920264B4355003BF1D4 /* MiUser.swift */,
				AD0A401F2688E7C300FD6339 /* Examen1AndyMarinos.xcdatamodeld */,
			);
			path = Examen1AndyMarinos;
			sourceTree = "<group>";
		};
/* End PBXGroup section */

/* Begin PBXNativeTarget section */
		E875C907264B3312003BF1D4 /* Examen1AndyMarinos */ = {
			isa = PBXNativeTarget;
			buildConfigurationList = E875C91D264B3313003BF1D4 /* Build configuration list for PBXNativeTarget "Examen1AndyMarinos" */;
			buildPhases = (
				E875C904264B3312003BF1D4 /* Sources */,
				E875C905264B3312003BF1D4 /* Frameworks */,
				E875C906264B3312003BF1D4 /* Resources */,
			);
			buildRules = (
			);
			dependencies = (
			);
			name = Examen1AndyMarinos;
			productName = JulianUno;
			productReference = E875C908264B3312003BF1D4 /* Examen1AndyMarinos.app */;
			productType = "com.apple.product-type.application";
		};
/* End PBXNativeTarget section */

/* Begin PBXProject section */
		E875C900264B3312003BF1D4 /* Project object */ = {
			isa = PBXProject;
			attributes = {
				LastSwiftUpdateCheck = 1010;
				LastUpgradeCheck = 1010;
				ORGANIZATIONNAME = Andy;
				TargetAttributes = {
					E875C907264B3312003BF1D4 = {
						CreatedOnToolsVersion = 10.1;
					};
				};
			};
			buildConfigurationList = E875C903264B3312003BF1D4 /* Build configuration list for PBXProject "Examen1AndyMarinos" */;
			compatibilityVersion = "Xcode 9.3";
			developmentRegion = en;
			hasScannedForEncodings = 0;
			knownRegions = (
				en,
				Base,
			);
			mainGroup = E875C8FF264B3312003BF1D4;
			productRefGroup = E875C909264B3312003BF1D4 /* Products */;
			projectDirPath = "";
			projectRoot = "";
			targets = (
				E875C907264B3312003BF1D4 /* Examen1AndyMarinos */,
			);
		};
/* End PBXProject section */

/* Begin PBXResourcesBuildPhase section */
		E875C906264B3312003BF1D4 /* Resources */ = {
			isa = PBXResourcesBuildPhase;
			buildActionMask = 2147483647;
			files = (
				E875C919264B3313003BF1D4 /* LaunchScreen.storyboard in Resources */,
				AD0A401E268874D400FD6339 /* Default-568h@2x.png in Resources */,
				E875C916264B3313003BF1D4 /* Assets.xcassets in Resources */,
				E875C911264B3312003BF1D4 /* Main.storyboard in Resources */,
			);
			runOnlyForDeploymentPostprocessing = 0;
		};
/* End PBXResourcesBuildPhase section */

/* Begin PBXSourcesBuildPhase section */
		E875C904264B3312003BF1D4 /* Sources */ = {
			isa = PBXSourcesBuildPhase;
			buildActionMask = 2147483647;
			files = (
				E875C921264B4355003BF1D4 /* MiUser.swift in Sources */,
				E875C90E264B3312003BF1D4 /* ViewController.swift in Sources */,
				E875C90C264B3312003BF1D4 /* AppDelegate.swift in Sources */,
				AD0A40212688E7C300FD6339 /* Examen1AndyMarinos.xcdatamodeld in Sources */,
			);
			runOnlyForDeploymentPostprocessing = 0;
		};
/* End PBXSourcesBuildPhase section */

/* Begin PBXVariantGroup section */
		E875C90F264B3312003BF1D4 /* Main.storyboard */ = {
			isa = PBXVariantGroup;
			children = (
				E875C910264B3312003BF1D4 /* Base */,
			);
			name = Main.storyboard;
			sourceTree = "<group>";
		};
		E875C917264B3313003BF1D4 /* LaunchScreen.storyboard */ = {
			isa = PBXVariantGroup;
			children = (
				E875C918264B3313003BF1D4 /* Base */,
			);
			name = LaunchScreen.storyboard;
			sourceTree = "<group>";
		};
/* End PBXVariantGroup section */

/* Begin XCBuildConfiguration section */
		E875C91B264B3313003BF1D4 /* Debug */ = {
			isa = XCBuildConfiguration;
			buildSettings = {
				ALWAYS_SEARCH_USER_PATHS = NO;
				CLANG_ANALYZER_NONNULL = YES;
				CLANG_ANALYZER_NUMBER_OBJECT_CONVERSION = YES_AGGRESSIVE;
				CLANG_CXX_LANGUAGE_STANDARD = "gnu++14";
				CLANG_CXX_LIBRARY = "libc++";
				CLANG_ENABLE_MODULES = YES;
				CLANG_ENABLE_OBJC_ARC = YES;
				CLANG_ENABLE_OBJC_WEAK = YES;
				CLANG_WARN_BLOCK_CAPTURE_AUTORELEASING = YES;
				CLANG_WARN_BOOL_CONVERSION = YES;
				CLANG_WARN_COMMA = YES;
				CLANG_WARN_CONSTANT_CONVERSION = YES;
				CLANG_WARN_DEPRECATED_OBJC_IMPLEMENTATIONS = YES;
				CLANG_WARN_DIRECT_OBJC_ISA_USAGE = YES_ERROR;
				CLANG_WARN_DOCUMENTATION_COMMENTS = YES;
				CLANG_WARN_EMPTY_BODY = YES;
				CLANG_WARN_ENUM_CONVERSION = YES;
				CLANG_WARN_INFINITE_RECURSION = YES;
				CLANG_WARN_INT_CONVERSION = YES;
				CLANG_WARN_NON_LITERAL_NULL_CONVERSION = YES;
				CLANG_WARN_OBJC_IMPLICIT_RETAIN_SELF = YES;
				CLANG_WARN_OBJC_LITERAL_CONVERSION = YES;
				CLANG_WARN_OBJC_ROOT_CLASS = YES_ERROR;
				CLANG_WARN_RANGE_LOOP_ANALYSIS = YES;
				CLANG_WARN_STRICT_PROTOTYPES = YES;
				CLANG_WARN_SUSPICIOUS_MOVE = YES;
				CLANG_WARN_UNGUARDED_AVAILABILITY = YES_AGGRESSIVE;
				CLANG_WARN_UNREACHABLE_CODE = YES;
				CLANG_WARN__DUPLICATE_METHOD_MATCH = YES;
				CODE_SIGN_IDENTITY = "iPhone Developer";
				COPY_PHASE_STRIP = NO;
				DEBUG_INFORMATION_FORMAT = dwarf;
				ENABLE_STRICT_OBJC_MSGSEND = YES;
				ENABLE_TESTABILITY = YES;
				GCC_C_LANGUAGE_STANDARD = gnu11;
				GCC_DYNAMIC_NO_PIC = NO;
				GCC_NO_COMMON_BLOCKS = YES;
				GCC_OPTIMIZATION_LEVEL = 0;
				GCC_PREPROCESSOR_DEFINITIONS = (
					"DEBUG=1",
					"$(inherited)",
				);
				GCC_WARN_64_TO_32_BIT_CONVERSION = YES;
				GCC_WARN_ABOUT_RETURN_TYPE = YES_ERROR;
				GCC_WARN_UNDECLARED_SELECTOR = YES;
				GCC_WARN_UNINITIALIZED_AUTOS = YES_AGGRESSIVE;
				GCC_WARN_UNUSED_FUNCTION = YES;
				GCC_WARN_UNUSED_VARIABLE = YES;
				IPHONEOS_DEPLOYMENT_TARGET = 12.1;
				MTL_ENABLE_DEBUG_INFO = INCLUDE_SOURCE;
				MTL_FAST_MATH = YES;
				ONLY_ACTIVE_ARCH = YES;
				SDKROOT = iphoneos;
				SWIFT_ACTIVE_COMPILATION_CONDITIONS = DEBUG;
				SWIFT_OPTIMIZATION_LEVEL = "-Onone";
			};
			name = Debug;
		};
		E875C91C264B3313003BF1D4 /* Release */ = {
			isa = XCBuildConfiguration;
			buildSettings = {
				ALWAYS_SEARCH_USER_PATHS = NO;
				CLANG_ANALYZER_NONNULL = YES;
				CLANG_ANALYZER_NUMBER_OBJECT_CONVERSION = YES_AGGRESSIVE;
				CLANG_CXX_LANGUAGE_STANDARD = "gnu++14";
				CLANG_CXX_LIBRARY = "libc++";
				CLANG_ENABLE_MODULES = YES;
				CLANG_ENABLE_OBJC_ARC = YES;
				CLANG_ENABLE_OBJC_WEAK = YES;
				CLANG_WARN_BLOCK_CAPTURE_AUTORELEASING = YES;
				CLANG_WARN_BOOL_CONVERSION = YES;
				CLANG_WARN_COMMA = YES;
				CLANG_WARN_CONSTANT_CONVERSION = YES;
				CLANG_WARN_DEPRECATED_OBJC_IMPLEMENTATIONS = YES;
				CLANG_WARN_DIRECT_OBJC_ISA_USAGE = YES_ERROR;
				CLANG_WARN_DOCUMENTATION_COMMENTS = YES;
				CLANG_WARN_EMPTY_BODY = YES;
				CLANG_WARN_ENUM_CONVERSION = YES;
				CLANG_WARN_INFINITE_RECURSION = YES;
				CLANG_WARN_INT_CONVERSION = YES;
				CLANG_WARN_NON_LITERAL_NULL_CONVERSION = YES;
				CLANG_WARN_OBJC_IMPLICIT_RETAIN_SELF = YES;
				CLANG_WARN_OBJC_LITERAL_CONVERSION = YES;
				CLANG_WARN_OBJC_ROOT_CLASS = YES_ERROR;
				CLANG_WARN_RANGE_LOOP_ANALYSIS = YES;
				CLANG_WARN_STRICT_PROTOTYPES = YES;
				CLANG_WARN_SUSPICIOUS_MOVE = YES;
				CLANG_WARN_UNGUARDED_AVAILABILITY = YES_AGGRESSIVE;
				CLANG_WARN_UNREACHABLE_CODE = YES;
				CLANG_WARN__DUPLICATE_METHOD_MATCH = YES;
				CODE_SIGN_IDENTITY = "iPhone Developer";
				COPY_PHASE_STRIP = NO;
				DEBUG_INFORMATION_FORMAT = "dwarf-with-dsym";
				ENABLE_NS_ASSERTIONS = NO;
				ENABLE_STRICT_OBJC_MSGSEND = YES;
				GCC_C_LANGUAGE_STANDARD = gnu11;
				GCC_NO_COMMON_BLOCKS = YES;
				GCC_WARN_64_TO_32_BIT_CONVERSION = YES;
				GCC_WARN_ABOUT_RETURN_TYPE = YES_ERROR;
				GCC_WARN_UNDECLARED_SELECTOR = YES;
				GCC_WARN_UNINITIALIZED_AUTOS = YES_AGGRESSIVE;
				GCC_WARN_UNUSED_FUNCTION = YES;
				GCC_WARN_UNUSED_VARIABLE = YES;
				IPHONEOS_DEPLOYMENT_TARGET = 12.1;
				MTL_ENABLE_DEBUG_INFO = NO;
				MTL_FAST_MATH = YES;
				SDKROOT = iphoneos;
				SWIFT_COMPILATION_MODE = wholemodule;
				SWIFT_OPTIMIZATION_LEVEL = "-O";
				VALIDATE_PRODUCT = YES;
			};
			name = Release;
		};
		E875C91E264B3313003BF1D4 /* Debug */ = {
			isa = XCBuildConfiguration;
			buildSettings = {
				ASSETCATALOG_COMPILER_APPICON_NAME = AppIcon;
				CODE_SIGN_STYLE = Automatic;
				INFOPLIST_FILE = "$(SRCROOT)/Examen1AndyMarinos/Info.plist";
				LD_RUNPATH_SEARCH_PATHS = (
					"$(inherited)",
					"@executable_path/Frameworks",
				);
				PRODUCT_BUNDLE_IDENTIFIER = cibertec.examen1.andymarinos;
				PRODUCT_NAME = "$(TARGET_NAME)";
				SWIFT_VERSION = 4.2;
				TARGETED_DEVICE_FAMILY = "1,2";
			};
			name = Debug;
		};
		E875C91F264B3313003BF1D4 /* Release */ = {
			isa = XCBuildConfiguration;
			buildSettings = {
				ASSETCATALOG_COMPILER_APPICON_NAME = AppIcon;
				CODE_SIGN_STYLE = Automatic;
				INFOPLIST_FILE = "$(SRCROOT)/Examen1AndyMarinos/Info.plist";
				LD_RUNPATH_SEARCH_PATHS = (
					"$(inherited)",
					"@executable_path/Frameworks",
				);
				PRODUCT_BUNDLE_IDENTIFIER = cibertec.examen1.andymarinos;
				PRODUCT_NAME = "$(TARGET_NAME)";
				SWIFT_VERSION = 4.2;
				TARGETED_DEVICE_FAMILY = "1,2";
			};
			name = Release;
		};
/* End XCBuildConfiguration section */

/* Begin XCConfigurationList section */
		E875C903264B3312003BF1D4 /* Build configuration list for PBXProject "Examen1AndyMarinos" */ = {
			isa = XCConfigurationList;
			buildConfigurations = (
				E875C91B264B3313003BF1D4 /* Debug */,
				E875C91C264B3313003BF1D4 /* Release */,
			);
			defaultConfigurationIsVisible = 0;
			defaultConfigurationName = Release;
		};
		E875C91D264B3313003BF1D4 /* Build configuration list for PBXNativeTarget "Examen1AndyMarinos" */ = {
			isa = XCConfigurationList;
			buildConfigurations = (
				E875C91E264B3313003BF1D4 /* Debug */,
				E875C91F264B3313003BF1D4 /* Release */,
			);
			defaultConfigurationIsVisible = 0;
			defaultConfigurationName = Release;
		};
/* End XCConfigurationList section */

/* Begin XCVersionGroup section */
		AD0A401F2688E7C300FD6339 /* Examen1AndyMarinos.xcdatamodeld */ = {
			isa = XCVersionGroup;
			children = (
				AD0A40202688E7C300FD6339 /* Examen1AndyMarinos.xcdatamodel */,
			);
			currentVersion = AD0A40202688E7C300FD6339 /* Examen1AndyMarinos.xcdatamodel */;
			path = Examen1AndyMarinos.xcdatamodeld;
			sourceTree = "<group>";
			versionGroupType = wrapper.xcdatamodel;
		};
/* End XCVersionGroup section */
	};
	rootObject = E875C900264B3312003BF1D4 /* Project object */;
}
